// !$*UTF8*$!
{
	archiveVersion = 1;
	classes = {
	};
	objectVersion = 56;
	objects = {

/* Begin PBXBuildFile section */
		703BD9122B27D63100C94EA9 /* ExpenseTrackerApp.swift in Sources */ = {isa = PBXBuildFile; fileRef = 703BD9112B27D63100C94EA9 /* ExpenseTrackerApp.swift */; };
		703BD9142B27D63100C94EA9 /* ContentView.swift in Sources */ = {isa = PBXBuildFile; fileRef = 703BD9132B27D63100C94EA9 /* ContentView.swift */; };
		703BD9162B27D63300C94EA9 /* Assets.xcassets in Resources */ = {isa = PBXBuildFile; fileRef = 703BD9152B27D63300C94EA9 /* Assets.xcassets */; };
		703BD9192B27D63300C94EA9 /* Preview Assets.xcassets in Resources */ = {isa = PBXBuildFile; fileRef = 703BD9182B27D63300C94EA9 /* Preview Assets.xcassets */; };
		703BD9222B27D68C00C94EA9 /* IntroView.swift in Sources */ = {isa = PBXBuildFile; fileRef = 703BD9212B27D68C00C94EA9 /* IntroView.swift */; };
		703BD9252B27D83D00C94EA9 /* Constants.swift in Sources */ = {isa = PBXBuildFile; fileRef = 703BD9242B27D83D00C94EA9 /* Constants.swift */; };
		703BD9272B27DB4100C94EA9 /* Tab.swift in Sources */ = {isa = PBXBuildFile; fileRef = 703BD9262B27DB4100C94EA9 /* Tab.swift */; };
		703BD9292B27DED200C94EA9 /* Category.swift in Sources */ = {isa = PBXBuildFile; fileRef = 703BD9282B27DED200C94EA9 /* Category.swift */; };
		703BD92B2B27DF1400C94EA9 /* Transaction.swift in Sources */ = {isa = PBXBuildFile; fileRef = 703BD92A2B27DF1400C94EA9 /* Transaction.swift */; };
		703BD92D2B27E02200C94EA9 /* View+Extensions.swift in Sources */ = {isa = PBXBuildFile; fileRef = 703BD92C2B27E02100C94EA9 /* View+Extensions.swift */; };
		703BD92F2B27E04600C94EA9 /* Date+Extension.swift in Sources */ = {isa = PBXBuildFile; fileRef = 703BD92E2B27E04600C94EA9 /* Date+Extension.swift */; };
		703BD9312B27E12200C94EA9 /* TintColor.swift in Sources */ = {isa = PBXBuildFile; fileRef = 703BD9302B27E12200C94EA9 /* TintColor.swift */; };
		703BD9342B27E1CC00C94EA9 /* SwipeAction.swift in Sources */ = {isa = PBXBuildFile; fileRef = 703BD9332B27E1CC00C94EA9 /* SwipeAction.swift */; };
		703BD9362B27E8FC00C94EA9 /* CardView.swift in Sources */ = {isa = PBXBuildFile; fileRef = 703BD9352B27E8FC00C94EA9 /* CardView.swift */; };
		703BD9382B27EDDA00C94EA9 /* TransactionCardView.swift in Sources */ = {isa = PBXBuildFile; fileRef = 703BD9372B27EDDA00C94EA9 /* TransactionCardView.swift */; };
		703BD93A2B27FBCC00C94EA9 /* DateFilterView.swift in Sources */ = {isa = PBXBuildFile; fileRef = 703BD9392B27FBCC00C94EA9 /* DateFilterView.swift */; };
		703BD93D2B27FC0000C94EA9 /* RecentsView.swift in Sources */ = {isa = PBXBuildFile; fileRef = 703BD93C2B27FC0000C94EA9 /* RecentsView.swift */; };
		703BD93F2B27FC0900C94EA9 /* SearchView.swift in Sources */ = {isa = PBXBuildFile; fileRef = 703BD93E2B27FC0900C94EA9 /* SearchView.swift */; };
		703BD9412B27FC1600C94EA9 /* GraphsView.swift in Sources */ = {isa = PBXBuildFile; fileRef = 703BD9402B27FC1600C94EA9 /* GraphsView.swift */; };
		703BD9432B27FC2400C94EA9 /* SettingsView.swift in Sources */ = {isa = PBXBuildFile; fileRef = 703BD9422B27FC2400C94EA9 /* SettingsView.swift */; };
		7046B4952B293E7E0099EC76 /* LockView.swift in Sources */ = {isa = PBXBuildFile; fileRef = 7046B4942B293E7E0099EC76 /* LockView.swift */; };
		7046B4972B2940F20099EC76 /* Enums.swift in Sources */ = {isa = PBXBuildFile; fileRef = 7046B4962B2940F20099EC76 /* Enums.swift */; };
/* End PBXBuildFile section */

/* Begin PBXFileReference section */
		703BD90E2B27D63100C94EA9 /* ExpenseTracker.app */ = {isa = PBXFileReference; explicitFileType = wrapper.application; includeInIndex = 0; path = ExpenseTracker.app; sourceTree = BUILT_PRODUCTS_DIR; };
		703BD9112B27D63100C94EA9 /* ExpenseTrackerApp.swift */ = {isa = PBXFileReference; lastKnownFileType = sourcecode.swift; path = ExpenseTrackerApp.swift; sourceTree = "<group>"; };
		703BD9132B27D63100C94EA9 /* ContentView.swift */ = {isa = PBXFileReference; lastKnownFileType = sourcecode.swift; path = ContentView.swift; sourceTree = "<group>"; };
		703BD9152B27D63300C94EA9 /* Assets.xcassets */ = {isa = PBXFileReference; lastKnownFileType = folder.assetcatalog; path = Assets.xcassets; sourceTree = "<group>"; };
		703BD9182B27D63300C94EA9 /* Preview Assets.xcassets */ = {isa = PBXFileReference; lastKnownFileType = folder.assetcatalog; path = "Preview Assets.xcassets"; sourceTree = "<group>"; };
		703BD9212B27D68C00C94EA9 /* IntroView.swift */ = {isa = PBXFileReference; lastKnownFileType = sourcecode.swift; path = IntroView.swift; sourceTree = "<group>"; };
		703BD9242B27D83D00C94EA9 /* Constants.swift */ = {isa = PBXFileReference; lastKnownFileType = sourcecode.swift; path = Constants.swift; sourceTree = "<group>"; };
		703BD9262B27DB4100C94EA9 /* Tab.swift */ = {isa = PBXFileReference; lastKnownFileType = sourcecode.swift; path = Tab.swift; sourceTree = "<group>"; };
		703BD9282B27DED200C94EA9 /* Category.swift */ = {isa = PBXFileReference; lastKnownFileType = sourcecode.swift; path = Category.swift; sourceTree = "<group>"; };
		703BD92A2B27DF1400C94EA9 /* Transaction.swift */ = {isa = PBXFileReference; lastKnownFileType = sourcecode.swift; path = Transaction.swift; sourceTree = "<group>"; };
		703BD92C2B27E02100C94EA9 /* View+Extensions.swift */ = {isa = PBXFileReference; lastKnownFileType = sourcecode.swift; path = "View+Extensions.swift"; sourceTree = "<group>"; };
		703BD92E2B27E04600C94EA9 /* Date+Extension.swift */ = {isa = PBXFileReference; lastKnownFileType = sourcecode.swift; path = "Date+Extension.swift"; sourceTree = "<group>"; };
		703BD9302B27E12200C94EA9 /* TintColor.swift */ = {isa = PBXFileReference; lastKnownFileType = sourcecode.swift; path = TintColor.swift; sourceTree = "<group>"; };
		703BD9332B27E1CC00C94EA9 /* SwipeAction.swift */ = {isa = PBXFileReference; lastKnownFileType = sourcecode.swift; path = SwipeAction.swift; sourceTree = "<group>"; };
		703BD9352B27E8FC00C94EA9 /* CardView.swift */ = {isa = PBXFileReference; lastKnownFileType = sourcecode.swift; path = CardView.swift; sourceTree = "<group>"; };
		703BD9372B27EDDA00C94EA9 /* TransactionCardView.swift */ = {isa = PBXFileReference; lastKnownFileType = sourcecode.swift; path = TransactionCardView.swift; sourceTree = "<group>"; };
		703BD9392B27FBCC00C94EA9 /* DateFilterView.swift */ = {isa = PBXFileReference; lastKnownFileType = sourcecode.swift; path = DateFilterView.swift; sourceTree = "<group>"; };
		703BD93C2B27FC0000C94EA9 /* RecentsView.swift */ = {isa = PBXFileReference; lastKnownFileType = sourcecode.swift; path = RecentsView.swift; sourceTree = "<group>"; };
		703BD93E2B27FC0900C94EA9 /* SearchView.swift */ = {isa = PBXFileReference; lastKnownFileType = sourcecode.swift; path = SearchView.swift; sourceTree = "<group>"; };
		703BD9402B27FC1600C94EA9 /* GraphsView.swift */ = {isa = PBXFileReference; lastKnownFileType = sourcecode.swift; path = GraphsView.swift; sourceTree = "<group>"; };
		703BD9422B27FC2400C94EA9 /* SettingsView.swift */ = {isa = PBXFileReference; lastKnownFileType = sourcecode.swift; path = SettingsView.swift; sourceTree = "<group>"; };
		7046B4942B293E7E0099EC76 /* LockView.swift */ = {isa = PBXFileReference; lastKnownFileType = sourcecode.swift; path = LockView.swift; sourceTree = "<group>"; };
		7046B4962B2940F20099EC76 /* Enums.swift */ = {isa = PBXFileReference; lastKnownFileType = sourcecode.swift; path = Enums.swift; sourceTree = "<group>"; };
/* End PBXFileReference section */

/* Begin PBXFrameworksBuildPhase section */
		703BD90B2B27D63100C94EA9 /* Frameworks */ = {
			isa = PBXFrameworksBuildPhase;
			buildActionMask = 2147483647;
			files = (
			);
			runOnlyForDeploymentPostprocessing = 0;
		};
/* End PBXFrameworksBuildPhase section */

/* Begin PBXGroup section */
		703BD9052B27D63100C94EA9 = {
			isa = PBXGroup;
			children = (
				703BD9102B27D63100C94EA9 /* ExpenseTracker */,
				703BD90F2B27D63100C94EA9 /* Products */,
			);
			sourceTree = "<group>";
		};
		703BD90F2B27D63100C94EA9 /* Products */ = {
			isa = PBXGroup;
			children = (
				703BD90E2B27D63100C94EA9 /* ExpenseTracker.app */,
			);
			name = Products;
			sourceTree = "<group>";
		};
		703BD9102B27D63100C94EA9 /* ExpenseTracker */ = {
			isa = PBXGroup;
			children = (
				703BD9112B27D63100C94EA9 /* ExpenseTrackerApp.swift */,
				703BD9232B27D82500C94EA9 /* Helpers */,
				703BD9202B27D66700C94EA9 /* Models */,
				703BD91F2B27D65B00C94EA9 /* Views */,
				703BD9152B27D63300C94EA9 /* Assets.xcassets */,
				703BD9172B27D63300C94EA9 /* Preview Content */,
			);
			path = ExpenseTracker;
			sourceTree = "<group>";
		};
		703BD9172B27D63300C94EA9 /* Preview Content */ = {
			isa = PBXGroup;
			children = (
				703BD9182B27D63300C94EA9 /* Preview Assets.xcassets */,
			);
			path = "Preview Content";
			sourceTree = "<group>";
		};
		703BD91F2B27D65B00C94EA9 /* Views */ = {
			isa = PBXGroup;
			children = (
				703BD9132B27D63100C94EA9 /* ContentView.swift */,
				7046B4942B293E7E0099EC76 /* LockView.swift */,
				703BD9322B27E1BD00C94EA9 /* Helpers */,
				703BD93B2B27FBED00C94EA9 /* TabViews */,
				703BD9212B27D68C00C94EA9 /* IntroView.swift */,
			);
			path = Views;
			sourceTree = "<group>";
		};
		703BD9202B27D66700C94EA9 /* Models */ = {
			isa = PBXGroup;
			children = (
				703BD9262B27DB4100C94EA9 /* Tab.swift */,
				703BD9282B27DED200C94EA9 /* Category.swift */,
				703BD92A2B27DF1400C94EA9 /* Transaction.swift */,
				703BD9302B27E12200C94EA9 /* TintColor.swift */,
			);
			path = Models;
			sourceTree = "<group>";
		};
		703BD9232B27D82500C94EA9 /* Helpers */ = {
			isa = PBXGroup;
			children = (
				703BD9242B27D83D00C94EA9 /* Constants.swift */,
				703BD92C2B27E02100C94EA9 /* View+Extensions.swift */,
				703BD92E2B27E04600C94EA9 /* Date+Extension.swift */,
				7046B4962B2940F20099EC76 /* Enums.swift */,
			);
			path = Helpers;
			sourceTree = "<group>";
		};
		703BD9322B27E1BD00C94EA9 /* Helpers */ = {
			isa = PBXGroup;
			children = (
				703BD9332B27E1CC00C94EA9 /* SwipeAction.swift */,
				703BD9352B27E8FC00C94EA9 /* CardView.swift */,
				703BD9372B27EDDA00C94EA9 /* TransactionCardView.swift */,
				703BD9392B27FBCC00C94EA9 /* DateFilterView.swift */,
			);
			path = Helpers;
			sourceTree = "<group>";
		};
		703BD93B2B27FBED00C94EA9 /* TabViews */ = {
			isa = PBXGroup;
			children = (
				703BD93C2B27FC0000C94EA9 /* RecentsView.swift */,
				703BD93E2B27FC0900C94EA9 /* SearchView.swift */,
				703BD9402B27FC1600C94EA9 /* GraphsView.swift */,
				703BD9422B27FC2400C94EA9 /* SettingsView.swift */,
			);
			path = TabViews;
			sourceTree = "<group>";
		};
/* End PBXGroup section */

/* Begin PBXNativeTarget section */
		703BD90D2B27D63100C94EA9 /* ExpenseTracker */ = {
			isa = PBXNativeTarget;
			buildConfigurationList = 703BD91C2B27D63300C94EA9 /* Build configuration list for PBXNativeTarget "ExpenseTracker" */;
			buildPhases = (
				703BD90A2B27D63100C94EA9 /* Sources */,
				703BD90B2B27D63100C94EA9 /* Frameworks */,
				703BD90C2B27D63100C94EA9 /* Resources */,
			);
			buildRules = (
			);
			dependencies = (
			);
			name = ExpenseTracker;
			productName = ExpenseTracker;
			productReference = 703BD90E2B27D63100C94EA9 /* ExpenseTracker.app */;
			productType = "com.apple.product-type.application";
		};
/* End PBXNativeTarget section */

/* Begin PBXProject section */
		703BD9062B27D63100C94EA9 /* Project object */ = {
			isa = PBXProject;
			attributes = {
				BuildIndependentTargetsInParallel = 1;
				LastSwiftUpdateCheck = 1500;
				LastUpgradeCheck = 1500;
				TargetAttributes = {
					703BD90D2B27D63100C94EA9 = {
						CreatedOnToolsVersion = 15.0.1;
					};
				};
			};
			buildConfigurationList = 703BD9092B27D63100C94EA9 /* Build configuration list for PBXProject "ExpenseTracker" */;
			compatibilityVersion = "Xcode 14.0";
			developmentRegion = en;
			hasScannedForEncodings = 0;
			knownRegions = (
				en,
				Base,
			);
			mainGroup = 703BD9052B27D63100C94EA9;
			productRefGroup = 703BD90F2B27D63100C94EA9 /* Products */;
			projectDirPath = "";
			projectRoot = "";
			targets = (
				703BD90D2B27D63100C94EA9 /* ExpenseTracker */,
			);
		};
/* End PBXProject section */

/* Begin PBXResourcesBuildPhase section */
		703BD90C2B27D63100C94EA9 /* Resources */ = {
			isa = PBXResourcesBuildPhase;
			buildActionMask = 2147483647;
			files = (
				703BD9192B27D63300C94EA9 /* Preview Assets.xcassets in Resources */,
				703BD9162B27D63300C94EA9 /* Assets.xcassets in Resources */,
			);
			runOnlyForDeploymentPostprocessing = 0;
		};
/* End PBXResourcesBuildPhase section */

/* Begin PBXSourcesBuildPhase section */
		703BD90A2B27D63100C94EA9 /* Sources */ = {
			isa = PBXSourcesBuildPhase;
			buildActionMask = 2147483647;
			files = (
				703BD9142B27D63100C94EA9 /* ContentView.swift in Sources */,
				703BD9122B27D63100C94EA9 /* ExpenseTrackerApp.swift in Sources */,
				7046B4972B2940F20099EC76 /* Enums.swift in Sources */,
				703BD92B2B27DF1400C94EA9 /* Transaction.swift in Sources */,
				703BD9272B27DB4100C94EA9 /* Tab.swift in Sources */,
				703BD93D2B27FC0000C94EA9 /* RecentsView.swift in Sources */,
				703BD9222B27D68C00C94EA9 /* IntroView.swift in Sources */,
				703BD9432B27FC2400C94EA9 /* SettingsView.swift in Sources */,
				703BD9412B27FC1600C94EA9 /* GraphsView.swift in Sources */,
				703BD9382B27EDDA00C94EA9 /* TransactionCardView.swift in Sources */,
				703BD9252B27D83D00C94EA9 /* Constants.swift in Sources */,
				703BD9342B27E1CC00C94EA9 /* SwipeAction.swift in Sources */,
				703BD92D2B27E02200C94EA9 /* View+Extensions.swift in Sources */,
				703BD9292B27DED200C94EA9 /* Category.swift in Sources */,
				703BD9312B27E12200C94EA9 /* TintColor.swift in Sources */,
				7046B4952B293E7E0099EC76 /* LockView.swift in Sources */,
				703BD9362B27E8FC00C94EA9 /* CardView.swift in Sources */,
				703BD93F2B27FC0900C94EA9 /* SearchView.swift in Sources */,
				703BD93A2B27FBCC00C94EA9 /* DateFilterView.swift in Sources */,
				703BD92F2B27E04600C94EA9 /* Date+Extension.swift in Sources */,
			);
			runOnlyForDeploymentPostprocessing = 0;
		};
/* End PBXSourcesBuildPhase section */

/* Begin XCBuildConfiguration section */
		703BD91A2B27D63300C94EA9 /* Debug */ = {
			isa = XCBuildConfiguration;
			buildSettings = {
				ALWAYS_SEARCH_USER_PATHS = NO;
				ASSETCATALOG_COMPILER_GENERATE_SWIFT_ASSET_SYMBOL_EXTENSIONS = YES;
				CLANG_ANALYZER_NONNULL = YES;
				CLANG_ANALYZER_NUMBER_OBJECT_CONVERSION = YES_AGGRESSIVE;
				CLANG_CXX_LANGUAGE_STANDARD = "gnu++20";
				CLANG_ENABLE_MODULES = YES;
				CLANG_ENABLE_OBJC_ARC = YES;
				CLANG_ENABLE_OBJC_WEAK = YES;
				CLANG_WARN_BLOCK_CAPTURE_AUTORELEASING = YES;
				CLANG_WARN_BOOL_CONVERSION = YES;
				CLANG_WARN_COMMA = YES;
				CLANG_WARN_CONSTANT_CONVERSION = YES;
				CLANG_WARN_DEPRECATED_OBJC_IMPLEMENTATIONS = YES;
				CLANG_WARN_DIRECT_OBJC_ISA_USAGE = YES_ERROR;
				CLANG_WARN_DOCUMENTATION_COMMENTS = YES;
				CLANG_WARN_EMPTY_BODY = YES;
				CLANG_WARN_ENUM_CONVERSION = YES;
				CLANG_WARN_INFINITE_RECURSION = YES;
				CLANG_WARN_INT_CONVERSION = YES;
				CLANG_WARN_NON_LITERAL_NULL_CONVERSION = YES;
				CLANG_WARN_OBJC_IMPLICIT_RETAIN_SELF = YES;
				CLANG_WARN_OBJC_LITERAL_CONVERSION = YES;
				CLANG_WARN_OBJC_ROOT_CLASS = YES_ERROR;
				CLANG_WARN_QUOTED_INCLUDE_IN_FRAMEWORK_HEADER = YES;
				CLANG_WARN_RANGE_LOOP_ANALYSIS = YES;
				CLANG_WARN_STRICT_PROTOTYPES = YES;
				CLANG_WARN_SUSPICIOUS_MOVE = YES;
				CLANG_WARN_UNGUARDED_AVAILABILITY = YES_AGGRESSIVE;
				CLANG_WARN_UNREACHABLE_CODE = YES;
				CLANG_WARN__DUPLICATE_METHOD_MATCH = YES;
				COPY_PHASE_STRIP = NO;
				DEBUG_INFORMATION_FORMAT = dwarf;
				ENABLE_STRICT_OBJC_MSGSEND = YES;
				ENABLE_TESTABILITY = YES;
				ENABLE_USER_SCRIPT_SANDBOXING = YES;
				GCC_C_LANGUAGE_STANDARD = gnu17;
				GCC_DYNAMIC_NO_PIC = NO;
				GCC_NO_COMMON_BLOCKS = YES;
				GCC_OPTIMIZATION_LEVEL = 0;
				GCC_PREPROCESSOR_DEFINITIONS = (
					"DEBUG=1",
					"$(inherited)",
				);
				GCC_WARN_64_TO_32_BIT_CONVERSION = YES;
				GCC_WARN_ABOUT_RETURN_TYPE = YES_ERROR;
				GCC_WARN_UNDECLARED_SELECTOR = YES;
				GCC_WARN_UNINITIALIZED_AUTOS = YES_AGGRESSIVE;
				GCC_WARN_UNUSED_FUNCTION = YES;
				GCC_WARN_UNUSED_VARIABLE = YES;
				IPHONEOS_DEPLOYMENT_TARGET = 17.0;
				LOCALIZATION_PREFERS_STRING_CATALOGS = YES;
				MTL_ENABLE_DEBUG_INFO = INCLUDE_SOURCE;
				MTL_FAST_MATH = YES;
				ONLY_ACTIVE_ARCH = YES;
				SDKROOT = iphoneos;
				SWIFT_ACTIVE_COMPILATION_CONDITIONS = "DEBUG $(inherited)";
				SWIFT_OPTIMIZATION_LEVEL = "-Onone";
			};
			name = Debug;
		};
		703BD91B2B27D63300C94EA9 /* Release */ = {
			isa = XCBuildConfiguration;
			buildSettings = {
				ALWAYS_SEARCH_USER_PATHS = NO;
				ASSETCATALOG_COMPILER_GENERATE_SWIFT_ASSET_SYMBOL_EXTENSIONS = YES;
				CLANG_ANALYZER_NONNULL = YES;
				CLANG_ANALYZER_NUMBER_OBJECT_CONVERSION = YES_AGGRESSIVE;
				CLANG_CXX_LANGUAGE_STANDARD = "gnu++20";
				CLANG_ENABLE_MODULES = YES;
				CLANG_ENABLE_OBJC_ARC = YES;
				CLANG_ENABLE_OBJC_WEAK = YES;
				CLANG_WARN_BLOCK_CAPTURE_AUTORELEASING = YES;
				CLANG_WARN_BOOL_CONVERSION = YES;
				CLANG_WARN_COMMA = YES;
				CLANG_WARN_CONSTANT_CONVERSION = YES;
				CLANG_WARN_DEPRECATED_OBJC_IMPLEMENTATIONS = YES;
				CLANG_WARN_DIRECT_OBJC_ISA_USAGE = YES_ERROR;
				CLANG_WARN_DOCUMENTATION_COMMENTS = YES;
				CLANG_WARN_EMPTY_BODY = YES;
				CLANG_WARN_ENUM_CONVERSION = YES;
				CLANG_WARN_INFINITE_RECURSION = YES;
				CLANG_WARN_INT_CONVERSION = YES;
				CLANG_WARN_NON_LITERAL_NULL_CONVERSION = YES;
				CLANG_WARN_OBJC_IMPLICIT_RETAIN_SELF = YES;
				CLANG_WARN_OBJC_LITERAL_CONVERSION = YES;
				CLANG_WARN_OBJC_ROOT_CLASS = YES_ERROR;
				CLANG_WARN_QUOTED_INCLUDE_IN_FRAMEWORK_HEADER = YES;
				CLANG_WARN_RANGE_LOOP_ANALYSIS = YES;
				CLANG_WARN_STRICT_PROTOTYPES = YES;
				CLANG_WARN_SUSPICIOUS_MOVE = YES;
				CLANG_WARN_UNGUARDED_AVAILABILITY = YES_AGGRESSIVE;
				CLANG_WARN_UNREACHABLE_CODE = YES;
				CLANG_WARN__DUPLICATE_METHOD_MATCH = YES;
				COPY_PHASE_STRIP = NO;
				DEBUG_INFORMATION_FORMAT = "dwarf-with-dsym";
				ENABLE_NS_ASSERTIONS = NO;
				ENABLE_STRICT_OBJC_MSGSEND = YES;
				ENABLE_USER_SCRIPT_SANDBOXING = YES;
				GCC_C_LANGUAGE_STANDARD = gnu17;
				GCC_NO_COMMON_BLOCKS = YES;
				GCC_WARN_64_TO_32_BIT_CONVERSION = YES;
				GCC_WARN_ABOUT_RETURN_TYPE = YES_ERROR;
				GCC_WARN_UNDECLARED_SELECTOR = YES;
				GCC_WARN_UNINITIALIZED_AUTOS = YES_AGGRESSIVE;
				GCC_WARN_UNUSED_FUNCTION = YES;
				GCC_WARN_UNUSED_VARIABLE = YES;
				IPHONEOS_DEPLOYMENT_TARGET = 17.0;
				LOCALIZATION_PREFERS_STRING_CATALOGS = YES;
				MTL_ENABLE_DEBUG_INFO = NO;
				MTL_FAST_MATH = YES;
				SDKROOT = iphoneos;
				SWIFT_COMPILATION_MODE = wholemodule;
				VALIDATE_PRODUCT = YES;
			};
			name = Release;
		};
		703BD91D2B27D63300C94EA9 /* Debug */ = {
			isa = XCBuildConfiguration;
			buildSettings = {
				ASSETCATALOG_COMPILER_APPICON_NAME = AppIcon;
				ASSETCATALOG_COMPILER_GLOBAL_ACCENT_COLOR_NAME = AccentColor;
				CODE_SIGN_STYLE = Automatic;
				CURRENT_PROJECT_VERSION = 1;
				DEVELOPMENT_ASSET_PATHS = "\"ExpenseTracker/Preview Content\"";
				DEVELOPMENT_TEAM = 3SG8WAVD36;
				ENABLE_PREVIEWS = YES;
				GENERATE_INFOPLIST_FILE = YES;
				INFOPLIST_KEY_NSFaceIDUsageDescription = "App uses faceid to unlock the app.";
				INFOPLIST_KEY_UIApplicationSceneManifest_Generation = YES;
				INFOPLIST_KEY_UIApplicationSupportsIndirectInputEvents = YES;
				INFOPLIST_KEY_UILaunchScreen_Generation = YES;
				INFOPLIST_KEY_UISupportedInterfaceOrientations_iPad = "UIInterfaceOrientationPortrait UIInterfaceOrientationPortraitUpsideDown UIInterfaceOrientationLandscapeLeft UIInterfaceOrientationLandscapeRight";
				INFOPLIST_KEY_UISupportedInterfaceOrientations_iPhone = "UIInterfaceOrientationPortrait UIInterfaceOrientationLandscapeLeft UIInterfaceOrientationLandscapeRight";
				LD_RUNPATH_SEARCH_PATHS = (
					"$(inherited)",
					"@executable_path/Frameworks",
				);
				MARKETING_VERSION = 1.0;
				PRODUCT_BUNDLE_IDENTIFIER = com.stout.jason.ExpenseTracker;
				PRODUCT_NAME = "$(TARGET_NAME)";
				SWIFT_EMIT_LOC_STRINGS = YES;
				SWIFT_VERSION = 5.0;
				TARGETED_DEVICE_FAMILY = "1,2";
			};
			name = Debug;
		};
		703BD91E2B27D63300C94EA9 /* Release */ = {
			isa = XCBuildConfiguration;
			buildSettings = {
				ASSETCATALOG_COMPILER_APPICON_NAME = AppIcon;
				ASSETCATALOG_COMPILER_GLOBAL_ACCENT_COLOR_NAME = AccentColor;
				CODE_SIGN_STYLE = Automatic;
				CURRENT_PROJECT_VERSION = 1;
				DEVELOPMENT_ASSET_PATHS = "\"ExpenseTracker/Preview Content\"";
				DEVELOPMENT_TEAM = 3SG8WAVD36;
				ENABLE_PREVIEWS = YES;
				GENERATE_INFOPLIST_FILE = YES;
				INFOPLIST_KEY_NSFaceIDUsageDescription = "App uses faceid to unlock the app.";
				INFOPLIST_KEY_UIApplicationSceneManifest_Generation = YES;
				INFOPLIST_KEY_UIApplicationSupportsIndirectInputEvents = YES;
				INFOPLIST_KEY_UILaunchScreen_Generation = YES;
				INFOPLIST_KEY_UISupportedInterfaceOrientations_iPad = "UIInterfaceOrientationPortrait UIInterfaceOrientationPortraitUpsideDown UIInterfaceOrientationLandscapeLeft UIInterfaceOrientationLandscapeRight";
				INFOPLIST_KEY_UISupportedInterfaceOrientations_iPhone = "UIInterfaceOrientationPortrait UIInterfaceOrientationLandscapeLeft UIInterfaceOrientationLandscapeRight";
				LD_RUNPATH_SEARCH_PATHS = (
					"$(inherited)",
					"@executable_path/Frameworks",
				);
				MARKETING_VERSION = 1.0;
				PRODUCT_BUNDLE_IDENTIFIER = com.stout.jason.ExpenseTracker;
				PRODUCT_NAME = "$(TARGET_NAME)";
				SWIFT_EMIT_LOC_STRINGS = YES;
				SWIFT_VERSION = 5.0;
				TARGETED_DEVICE_FAMILY = "1,2";
			};
			name = Release;
		};
/* End XCBuildConfiguration section */

/* Begin XCConfigurationList section */
		703BD9092B27D63100C94EA9 /* Build configuration list for PBXProject "ExpenseTracker" */ = {
			isa = XCConfigurationList;
			buildConfigurations = (
				703BD91A2B27D63300C94EA9 /* Debug */,
				703BD91B2B27D63300C94EA9 /* Release */,
			);
			defaultConfigurationIsVisible = 0;
			defaultConfigurationName = Release;
		};
		703BD91C2B27D63300C94EA9 /* Build configuration list for PBXNativeTarget "ExpenseTracker" */ = {
			isa = XCConfigurationList;
			buildConfigurations = (
				703BD91D2B27D63300C94EA9 /* Debug */,
				703BD91E2B27D63300C94EA9 /* Release */,
			);
			defaultConfigurationIsVisible = 0;
			defaultConfigurationName = Release;
		};
/* End XCConfigurationList section */
	};
	rootObject = 703BD9062B27D63100C94EA9 /* Project object */;
}
